
Microsoft Visual Studio Solution File, Format Version 12.00
# Visual Studio Version 17
VisualStudioVersion = 17.3.32811.315
MinimumVisualStudioVersion = 10.0.40219.1
Project("{FAE04EC0-301F-11D3-BF4B-00C04F79EFBC}") = "Prvi", "Prvi\Prvi.csproj", "{CA754AA2-993F-474A-B317-0DA0975817E8}"
EndProject
Global
	GlobalSection(SolutionConfigurationPlatforms) = preSolution
		Debug|Any CPU = Debug|Any CPU
		Release|Any CPU = Release|Any CPU
	EndGlobalSection
	GlobalSection(ProjectConfigurationPlatforms) = postSolution
		{CA754AA2-993F-474A-B317-0DA0975817E8}.Debug|Any CPU.ActiveCfg = Debug|Any CPU
		{CA754AA2-993F-474A-B317-0DA0975817E8}.Debug|Any CPU.Build.0 = Debug|Any CPU
		{CA754AA2-993F-474A-B317-0DA0975817E8}.Release|Any CPU.ActiveCfg = Release|Any CPU
		{CA754AA2-993F-474A-B317-0DA0975817E8}.Release|Any CPU.Build.0 = Release|Any CPU
	EndGlobalSection
	GlobalSection(SolutionProperties) = preSolution
		HideSolutionNode = FALSE
	EndGlobalSection
	GlobalSection(ExtensibilityGlobals) = postSolution
		SolutionGuid = {3991479D-A427-487C-AAA5-41743AFB69FD}
	EndGlobalSection
EndGlobal
