
Microsoft Visual Studio Solution File, Format Version 12.00
# Visual Studio Version 17
VisualStudioVersion = 17.3.32811.315
MinimumVisualStudioVersion = 10.0.40219.1
Project("{FAE04EC0-301F-11D3-BF4B-00C04F79EFBC}") = "Marsovci", "Marsovci\Marsovci.csproj", "{125E030F-6883-4DC4-9C3A-3AECA9C6EE4C}"
EndProject
Global
	GlobalSection(SolutionConfigurationPlatforms) = preSolution
		Debug|Any CPU = Debug|Any CPU
		Release|Any CPU = Release|Any CPU
	EndGlobalSection
	GlobalSection(ProjectConfigurationPlatforms) = postSolution
		{125E030F-6883-4DC4-9C3A-3AECA9C6EE4C}.Debug|Any CPU.ActiveCfg = Debug|Any CPU
		{125E030F-6883-4DC4-9C3A-3AECA9C6EE4C}.Debug|Any CPU.Build.0 = Debug|Any CPU
		{125E030F-6883-4DC4-9C3A-3AECA9C6EE4C}.Release|Any CPU.ActiveCfg = Release|Any CPU
		{125E030F-6883-4DC4-9C3A-3AECA9C6EE4C}.Release|Any CPU.Build.0 = Release|Any CPU
	EndGlobalSection
	GlobalSection(SolutionProperties) = preSolution
		HideSolutionNode = FALSE
	EndGlobalSection
	GlobalSection(ExtensibilityGlobals) = postSolution
		SolutionGuid = {A6D8E64D-EEFD-4952-BC62-591ABA412709}
	EndGlobalSection
EndGlobal
