
Microsoft Visual Studio Solution File, Format Version 12.00
# Visual Studio Version 17
VisualStudioVersion = 17.3.32811.315
MinimumVisualStudioVersion = 10.0.40219.1
Project("{FAE04EC0-301F-11D3-BF4B-00C04F79EFBC}") = "ConsoleApp4", "ConsoleApp4\ConsoleApp4.csproj", "{013787AF-1ED5-4C8D-9BBB-07BA91D7A74E}"
EndProject
Global
	GlobalSection(SolutionConfigurationPlatforms) = preSolution
		Debug|Any CPU = Debug|Any CPU
		Release|Any CPU = Release|Any CPU
	EndGlobalSection
	GlobalSection(ProjectConfigurationPlatforms) = postSolution
		{013787AF-1ED5-4C8D-9BBB-07BA91D7A74E}.Debug|Any CPU.ActiveCfg = Debug|Any CPU
		{013787AF-1ED5-4C8D-9BBB-07BA91D7A74E}.Debug|Any CPU.Build.0 = Debug|Any CPU
		{013787AF-1ED5-4C8D-9BBB-07BA91D7A74E}.Release|Any CPU.ActiveCfg = Release|Any CPU
		{013787AF-1ED5-4C8D-9BBB-07BA91D7A74E}.Release|Any CPU.Build.0 = Release|Any CPU
	EndGlobalSection
	GlobalSection(SolutionProperties) = preSolution
		HideSolutionNode = FALSE
	EndGlobalSection
	GlobalSection(ExtensibilityGlobals) = postSolution
		SolutionGuid = {DB62985A-1391-43C0-AC37-10B9C82BF935}
	EndGlobalSection
EndGlobal
